Microsoft Visual Studio Solution File, Format Version 11.00
# Visual Studio 2008

Project("{AFD8803F-CE7D-2180-7FED-D8DF23F5D86C}") = "Educator's v2.1", "Assembly-CSharp.csproj", "{A8DCA6F4-0207-F8C1-73E5-567DAD822F8A}"
EndProject
Global
	GlobalSection(SolutionConfigurationPlatforms) = preSolution
		Debug|Any CPU = Debug|Any CPU
		Release|Any CPU = Release|Any CPU
	EndGlobalSection
	GlobalSection(ProjectConfigurationPlatforms) = postSolution
		{A8DCA6F4-0207-F8C1-73E5-567DAD822F8A}.Debug|Any CPU.ActiveCfg = Debug|Any CPU
		{A8DCA6F4-0207-F8C1-73E5-567DAD822F8A}.Debug|Any CPU.Build.0 = Debug|Any CPU
		{A8DCA6F4-0207-F8C1-73E5-567DAD822F8A}.Release|Any CPU.ActiveCfg = Release|Any CPU
		{A8DCA6F4-0207-F8C1-73E5-567DAD822F8A}.Release|Any CPU.Build.0 = Release|Any CPU
	EndGlobalSection
	GlobalSection(SolutionProperties) = preSolution
		HideSolutionNode = FALSE
	EndGlobalSection
	GlobalSection(MonoDevelopProperties) = preSolution
		StartupItem = Assembly-CSharp.csproj
	EndGlobalSection
EndGlobal
