Microsoft Visual Studio Solution File, Format Version 11.00
# Visual Studio 2008

Project("{3688BF5C-D344-7FCB-CB2B-FF11B53257F6}") = "Educator's v2.0", "Assembly-CSharp.csproj", "{B45738E6-9B48-6F8B-BE15-5A514E9D5521}"
EndProject
Global
	GlobalSection(SolutionConfigurationPlatforms) = preSolution
		Debug|Any CPU = Debug|Any CPU
		Release|Any CPU = Release|Any CPU
	EndGlobalSection
	GlobalSection(ProjectConfigurationPlatforms) = postSolution
		{B45738E6-9B48-6F8B-BE15-5A514E9D5521}.Debug|Any CPU.ActiveCfg = Debug|Any CPU
		{B45738E6-9B48-6F8B-BE15-5A514E9D5521}.Debug|Any CPU.Build.0 = Debug|Any CPU
		{B45738E6-9B48-6F8B-BE15-5A514E9D5521}.Release|Any CPU.ActiveCfg = Release|Any CPU
		{B45738E6-9B48-6F8B-BE15-5A514E9D5521}.Release|Any CPU.Build.0 = Release|Any CPU
	EndGlobalSection
	GlobalSection(SolutionProperties) = preSolution
		HideSolutionNode = FALSE
	EndGlobalSection
	GlobalSection(MonoDevelopProperties) = preSolution
		StartupItem = Assembly-CSharp.csproj
	EndGlobalSection
EndGlobal
